# @generated - this file is auto-generated by `mise lock` https://mise.jdx.dev/dev-tools/mise-lock.html

[[tools."aqua:go-task/task"]]
version = "3.52.0"
backend = "aqua:go-task/task"

[tools."aqua:go-task/task"."platforms.linux-x64"]
checksum = "sha256:02c679ffae53dca791804847d78b31731615894e292948397c971c87ac9e95bd"
url = "https://github.com/go-task/task/releases/download/v3.52.0/task_linux_amd64.tar.gz"
url_api = "https://api.github.com/repos/go-task/task/releases/assets/464613330"

[tools."aqua:go-task/task"."platforms.macos-arm64"]
checksum = "sha256:debfa9a3bc06fcb5d5550b44725ecd22bb305499ce057bd6d7a774db5cdaa7b8"
url = "https://github.com/go-task/task/releases/download/v3.52.0/task_darwin_arm64.tar.gz"
url_api = "https://api.github.com/repos/go-task/task/releases/assets/464613319"

[[tools."aqua:jetify-com/devbox"]]
version = "0.17.5"
backend = "aqua:jetify-com/devbox"

[tools."aqua:jetify-com/devbox"."platforms.linux-x64"]
checksum = "sha256:eb2d8fb34266ba3befc294d7d6f56e2cd4da2cacb7a0cf52db5b8092575544f8"
url = "https://github.com/jetify-com/devbox/releases/download/0.17.5/devbox_0.17.5_linux_amd64.tar.gz"
url_api = "https://api.github.com/repos/jetify-com/devbox/releases/assets/455945945"

[tools."aqua:jetify-com/devbox"."platforms.macos-arm64"]
checksum = "sha256:0684fecd68bf2009a2ad57be1ba1ea2bbd735a02017fff355cea0f1b15a7e00f"
url = "https://github.com/jetify-com/devbox/releases/download/0.17.5/devbox_0.17.5_darwin_arm64.tar.gz"
url_api = "https://api.github.com/repos/jetify-com/devbox/releases/assets/455945957"
